
Microsoft Visual Studio Solution File, Format Version 12.00
# Visual Studio Version 16
VisualStudioVersion = 16.0.32510.428
MinimumVisualStudioVersion = 10.0.40219.1
Project("{FAE04EC0-301F-11D3-BF4B-00C04F79EFBC}") = "SGVisitasTecnicasASPCore", "SGVisitasTecnicasASPCore\SGVisitasTecnicasASPCore.csproj", "{DF31BFBC-F3A8-4E7E-9E35-B2B4E355BA4D}"
EndProject
Global
	GlobalSection(SolutionConfigurationPlatforms) = preSolution
		Debug|Any CPU = Debug|Any CPU
		Release|Any CPU = Release|Any CPU
	EndGlobalSection
	GlobalSection(ProjectConfigurationPlatforms) = postSolution
		{DF31BFBC-F3A8-4E7E-9E35-B2B4E355BA4D}.Debug|Any CPU.ActiveCfg = Debug|Any CPU
		{DF31BFBC-F3A8-4E7E-9E35-B2B4E355BA4D}.Debug|Any CPU.Build.0 = Debug|Any CPU
		{DF31BFBC-F3A8-4E7E-9E35-B2B4E355BA4D}.Release|Any CPU.ActiveCfg = Release|Any CPU
		{DF31BFBC-F3A8-4E7E-9E35-B2B4E355BA4D}.Release|Any CPU.Build.0 = Release|Any CPU
	EndGlobalSection
	GlobalSection(SolutionProperties) = preSolution
		HideSolutionNode = FALSE
	EndGlobalSection
	GlobalSection(ExtensibilityGlobals) = postSolution
		SolutionGuid = {CD7DD29F-29AB-41D8-AF79-1A9E7F47A84C}
	EndGlobalSection
EndGlobal
